
Microsoft Visual Studio Solution File, Format Version 12.00
# Visual Studio Version 17
VisualStudioVersion = 17.8.34525.116
MinimumVisualStudioVersion = 10.0.40219.1
Project("{FAE04EC0-301F-11D3-BF4B-00C04F79EFBC}") = "readint", "readint\readint.csproj", "{EDA35AF7-987C-48B8-B751-064D6951AFF3}"
EndProject
Global
	GlobalSection(SolutionConfigurationPlatforms) = preSolution
		Debug|Any CPU = Debug|Any CPU
		Release|Any CPU = Release|Any CPU
	EndGlobalSection
	GlobalSection(ProjectConfigurationPlatforms) = postSolution
		{EDA35AF7-987C-48B8-B751-064D6951AFF3}.Debug|Any CPU.ActiveCfg = Debug|Any CPU
		{EDA35AF7-987C-48B8-B751-064D6951AFF3}.Debug|Any CPU.Build.0 = Debug|Any CPU
		{EDA35AF7-987C-48B8-B751-064D6951AFF3}.Release|Any CPU.ActiveCfg = Release|Any CPU
		{EDA35AF7-987C-48B8-B751-064D6951AFF3}.Release|Any CPU.Build.0 = Release|Any CPU
	EndGlobalSection
	GlobalSection(SolutionProperties) = preSolution
		HideSolutionNode = FALSE
	EndGlobalSection
	GlobalSection(ExtensibilityGlobals) = postSolution
		SolutionGuid = {BB9F5411-CAA7-429E-BED3-F74316853F8C}
	EndGlobalSection
EndGlobal
